
Microsoft Visual Studio Solution File, Format Version 12.00
# Visual Studio Version 17
VisualStudioVersion = 17.0.31903.59
MinimumVisualStudioVersion = 10.0.40219.1
Project("{2150E333-8FDC-42A3-9474-1A3956D46DE8}") = "src", "src", "{827E0CD3-B72D-47B6-A68D-7590B98EB39B}"
EndProject
Project("{FAE04EC0-301F-11D3-BF4B-00C04F79EFBC}") = "OpenARPG", "src\OpenARPG\OpenARPG.csproj", "{EBB24B00-3219-49E7-A1B7-05B8FE1A679C}"
EndProject
Project("{FAE04EC0-301F-11D3-BF4B-00C04F79EFBC}") = "OpenARPG.UI", "src\OpenARPG.UI\OpenARPG.UI.csproj", "{6E16E318-41B8-43BE-B73E-7BA8F5867DC8}"
EndProject
Project("{FAE04EC0-301F-11D3-BF4B-00C04F79EFBC}") = "OpenARPG.Core", "src\OpenARPG.Core\OpenARPG.Core.csproj", "{77772C9D-DFD6-4BFA-B3B8-8C57378C133C}"
EndProject
Project("{FAE04EC0-301F-11D3-BF4B-00C04F79EFBC}") = "OpenARPG.States", "src\OpenARPG.States\OpenARPG.States.csproj", "{C64D9CA9-B82D-4A81-BC32-57D3200AC794}"
EndProject
Project("{FAE04EC0-301F-11D3-BF4B-00C04F79EFBC}") = "OpenARPG.Rendering", "src\OpenARPG.Rendering\OpenARPG.Rendering.csproj", "{7C6706D8-5925-41E1-AE5E-B1DE74C04E52}"
EndProject
Project("{FAE04EC0-301F-11D3-BF4B-00C04F79EFBC}") = "OpenARPG.Entities", "src\OpenARPG.Entities\OpenARPG.Entities.csproj", "{E6C61BEA-E03E-4C06-8BB2-99BE3B5ED613}"
EndProject
Global
	GlobalSection(SolutionConfigurationPlatforms) = preSolution
		Debug|Any CPU = Debug|Any CPU
		Debug|x64 = Debug|x64
		Debug|x86 = Debug|x86
		Release|Any CPU = Release|Any CPU
		Release|x64 = Release|x64
		Release|x86 = Release|x86
	EndGlobalSection
	GlobalSection(ProjectConfigurationPlatforms) = postSolution
		{EBB24B00-3219-49E7-A1B7-05B8FE1A679C}.Debug|Any CPU.ActiveCfg = Debug|Any CPU
		{EBB24B00-3219-49E7-A1B7-05B8FE1A679C}.Debug|Any CPU.Build.0 = Debug|Any CPU
		{EBB24B00-3219-49E7-A1B7-05B8FE1A679C}.Debug|x64.ActiveCfg = Debug|Any CPU
		{EBB24B00-3219-49E7-A1B7-05B8FE1A679C}.Debug|x64.Build.0 = Debug|Any CPU
		{EBB24B00-3219-49E7-A1B7-05B8FE1A679C}.Debug|x86.ActiveCfg = Debug|Any CPU
		{EBB24B00-3219-49E7-A1B7-05B8FE1A679C}.Debug|x86.Build.0 = Debug|Any CPU
		{EBB24B00-3219-49E7-A1B7-05B8FE1A679C}.Release|Any CPU.ActiveCfg = Release|Any CPU
		{EBB24B00-3219-49E7-A1B7-05B8FE1A679C}.Release|Any CPU.Build.0 = Release|Any CPU
		{EBB24B00-3219-49E7-A1B7-05B8FE1A679C}.Release|x64.ActiveCfg = Release|Any CPU
		{EBB24B00-3219-49E7-A1B7-05B8FE1A679C}.Release|x64.Build.0 = Release|Any CPU
		{EBB24B00-3219-49E7-A1B7-05B8FE1A679C}.Release|x86.ActiveCfg = Release|Any CPU
		{EBB24B00-3219-49E7-A1B7-05B8FE1A679C}.Release|x86.Build.0 = Release|Any CPU
		{6E16E318-41B8-43BE-B73E-7BA8F5867DC8}.Debug|Any CPU.ActiveCfg = Debug|Any CPU
		{6E16E318-41B8-43BE-B73E-7BA8F5867DC8}.Debug|Any CPU.Build.0 = Debug|Any CPU
		{6E16E318-41B8-43BE-B73E-7BA8F5867DC8}.Debug|x64.ActiveCfg = Debug|Any CPU
		{6E16E318-41B8-43BE-B73E-7BA8F5867DC8}.Debug|x64.Build.0 = Debug|Any CPU
		{6E16E318-41B8-43BE-B73E-7BA8F5867DC8}.Debug|x86.ActiveCfg = Debug|Any CPU
		{6E16E318-41B8-43BE-B73E-7BA8F5867DC8}.Debug|x86.Build.0 = Debug|Any CPU
		{6E16E318-41B8-43BE-B73E-7BA8F5867DC8}.Release|Any CPU.ActiveCfg = Release|Any CPU
		{6E16E318-41B8-43BE-B73E-7BA8F5867DC8}.Release|Any CPU.Build.0 = Release|Any CPU
		{6E16E318-41B8-43BE-B73E-7BA8F5867DC8}.Release|x64.ActiveCfg = Release|Any CPU
		{6E16E318-41B8-43BE-B73E-7BA8F5867DC8}.Release|x64.Build.0 = Release|Any CPU
		{6E16E318-41B8-43BE-B73E-7BA8F5867DC8}.Release|x86.ActiveCfg = Release|Any CPU
		{6E16E318-41B8-43BE-B73E-7BA8F5867DC8}.Release|x86.Build.0 = Release|Any CPU
		{77772C9D-DFD6-4BFA-B3B8-8C57378C133C}.Debug|Any CPU.ActiveCfg = Debug|Any CPU
		{77772C9D-DFD6-4BFA-B3B8-8C57378C133C}.Debug|Any CPU.Build.0 = Debug|Any CPU
		{77772C9D-DFD6-4BFA-B3B8-8C57378C133C}.Debug|x64.ActiveCfg = Debug|Any CPU
		{77772C9D-DFD6-4BFA-B3B8-8C57378C133C}.Debug|x64.Build.0 = Debug|Any CPU
		{77772C9D-DFD6-4BFA-B3B8-8C57378C133C}.Debug|x86.ActiveCfg = Debug|Any CPU
		{77772C9D-DFD6-4BFA-B3B8-8C57378C133C}.Debug|x86.Build.0 = Debug|Any CPU
		{77772C9D-DFD6-4BFA-B3B8-8C57378C133C}.Release|Any CPU.ActiveCfg = Release|Any CPU
		{77772C9D-DFD6-4BFA-B3B8-8C57378C133C}.Release|Any CPU.Build.0 = Release|Any CPU
		{77772C9D-DFD6-4BFA-B3B8-8C57378C133C}.Release|x64.ActiveCfg = Release|Any CPU
		{77772C9D-DFD6-4BFA-B3B8-8C57378C133C}.Release|x64.Build.0 = Release|Any CPU
		{77772C9D-DFD6-4BFA-B3B8-8C57378C133C}.Release|x86.ActiveCfg = Release|Any CPU
		{77772C9D-DFD6-4BFA-B3B8-8C57378C133C}.Release|x86.Build.0 = Release|Any CPU
		{C64D9CA9-B82D-4A81-BC32-57D3200AC794}.Debug|Any CPU.ActiveCfg = Debug|Any CPU
		{C64D9CA9-B82D-4A81-BC32-57D3200AC794}.Debug|Any CPU.Build.0 = Debug|Any CPU
		{C64D9CA9-B82D-4A81-BC32-57D3200AC794}.Debug|x64.ActiveCfg = Debug|Any CPU
		{C64D9CA9-B82D-4A81-BC32-57D3200AC794}.Debug|x64.Build.0 = Debug|Any CPU
		{C64D9CA9-B82D-4A81-BC32-57D3200AC794}.Debug|x86.ActiveCfg = Debug|Any CPU
		{C64D9CA9-B82D-4A81-BC32-57D3200AC794}.Debug|x86.Build.0 = Debug|Any CPU
		{C64D9CA9-B82D-4A81-BC32-57D3200AC794}.Release|Any CPU.ActiveCfg = Release|Any CPU
		{C64D9CA9-B82D-4A81-BC32-57D3200AC794}.Release|Any CPU.Build.0 = Release|Any CPU
		{C64D9CA9-B82D-4A81-BC32-57D3200AC794}.Release|x64.ActiveCfg = Release|Any CPU
		{C64D9CA9-B82D-4A81-BC32-57D3200AC794}.Release|x64.Build.0 = Release|Any CPU
		{C64D9CA9-B82D-4A81-BC32-57D3200AC794}.Release|x86.ActiveCfg = Release|Any CPU
		{C64D9CA9-B82D-4A81-BC32-57D3200AC794}.Release|x86.Build.0 = Release|Any CPU
		{7C6706D8-5925-41E1-AE5E-B1DE74C04E52}.Debug|Any CPU.ActiveCfg = Debug|Any CPU
		{7C6706D8-5925-41E1-AE5E-B1DE74C04E52}.Debug|Any CPU.Build.0 = Debug|Any CPU
		{7C6706D8-5925-41E1-AE5E-B1DE74C04E52}.Debug|x64.ActiveCfg = Debug|Any CPU
		{7C6706D8-5925-41E1-AE5E-B1DE74C04E52}.Debug|x64.Build.0 = Debug|Any CPU
		{7C6706D8-5925-41E1-AE5E-B1DE74C04E52}.Debug|x86.ActiveCfg = Debug|Any CPU
		{7C6706D8-5925-41E1-AE5E-B1DE74C04E52}.Debug|x86.Build.0 = Debug|Any CPU
		{7C6706D8-5925-41E1-AE5E-B1DE74C04E52}.Release|Any CPU.ActiveCfg = Release|Any CPU
		{7C6706D8-5925-41E1-AE5E-B1DE74C04E52}.Release|Any CPU.Build.0 = Release|Any CPU
		{7C6706D8-5925-41E1-AE5E-B1DE74C04E52}.Release|x64.ActiveCfg = Release|Any CPU
		{7C6706D8-5925-41E1-AE5E-B1DE74C04E52}.Release|x64.Build.0 = Release|Any CPU
		{7C6706D8-5925-41E1-AE5E-B1DE74C04E52}.Release|x86.ActiveCfg = Release|Any CPU
		{7C6706D8-5925-41E1-AE5E-B1DE74C04E52}.Release|x86.Build.0 = Release|Any CPU
		{E6C61BEA-E03E-4C06-8BB2-99BE3B5ED613}.Debug|Any CPU.ActiveCfg = Debug|Any CPU
		{E6C61BEA-E03E-4C06-8BB2-99BE3B5ED613}.Debug|Any CPU.Build.0 = Debug|Any CPU
		{E6C61BEA-E03E-4C06-8BB2-99BE3B5ED613}.Debug|x64.ActiveCfg = Debug|Any CPU
		{E6C61BEA-E03E-4C06-8BB2-99BE3B5ED613}.Debug|x64.Build.0 = Debug|Any CPU
		{E6C61BEA-E03E-4C06-8BB2-99BE3B5ED613}.Debug|x86.ActiveCfg = Debug|Any CPU
		{E6C61BEA-E03E-4C06-8BB2-99BE3B5ED613}.Debug|x86.Build.0 = Debug|Any CPU
		{E6C61BEA-E03E-4C06-8BB2-99BE3B5ED613}.Release|Any CPU.ActiveCfg = Release|Any CPU
		{E6C61BEA-E03E-4C06-8BB2-99BE3B5ED613}.Release|Any CPU.Build.0 = Release|Any CPU
		{E6C61BEA-E03E-4C06-8BB2-99BE3B5ED613}.Release|x64.ActiveCfg = Release|Any CPU
		{E6C61BEA-E03E-4C06-8BB2-99BE3B5ED613}.Release|x64.Build.0 = Release|Any CPU
		{E6C61BEA-E03E-4C06-8BB2-99BE3B5ED613}.Release|x86.ActiveCfg = Release|Any CPU
		{E6C61BEA-E03E-4C06-8BB2-99BE3B5ED613}.Release|x86.Build.0 = Release|Any CPU
	EndGlobalSection
	GlobalSection(SolutionProperties) = preSolution
		HideSolutionNode = FALSE
	EndGlobalSection
	GlobalSection(NestedProjects) = preSolution
		{EBB24B00-3219-49E7-A1B7-05B8FE1A679C} = {827E0CD3-B72D-47B6-A68D-7590B98EB39B}
		{6E16E318-41B8-43BE-B73E-7BA8F5867DC8} = {827E0CD3-B72D-47B6-A68D-7590B98EB39B}
		{77772C9D-DFD6-4BFA-B3B8-8C57378C133C} = {827E0CD3-B72D-47B6-A68D-7590B98EB39B}
		{C64D9CA9-B82D-4A81-BC32-57D3200AC794} = {827E0CD3-B72D-47B6-A68D-7590B98EB39B}
		{7C6706D8-5925-41E1-AE5E-B1DE74C04E52} = {827E0CD3-B72D-47B6-A68D-7590B98EB39B}
		{E6C61BEA-E03E-4C06-8BB2-99BE3B5ED613} = {827E0CD3-B72D-47B6-A68D-7590B98EB39B}
	EndGlobalSection
EndGlobal
